
Microsoft Visual Studio Solution File, Format Version 12.00
# Visual Studio 2013
VisualStudioVersion = 12.0.30723.0
MinimumVisualStudioVersion = 10.0.40219.1
Project("{D954291E-2A0B-460D-934E-DC6B0785DB48}") = "BingTranslateXFDemo", "BingTranslateXFDemo\BingTranslateXFDemo\BingTranslateXFDemo.shproj", "{C90ADFF4-44A0-428F-92CA-6E6B6023C4BA}"
EndProject
Project("{FAE04EC0-301F-11D3-BF4B-00C04F79EFBC}") = "BingTranslateXFDemo.WinPhone", "BingTranslateXFDemo\BingTranslateXFDemo.WinPhone\BingTranslateXFDemo.WinPhone.csproj", "{035173C4-E917-4B85-804B-39A25D038869}"
EndProject
Project("{FAE04EC0-301F-11D3-BF4B-00C04F79EFBC}") = "BingTranslateXFDemo.iOS", "BingTranslateXFDemo\BingTranslateXFDemo.iOS\BingTranslateXFDemo.iOS.csproj", "{FE2B47ED-A480-4541-950B-E82E9900C1A1}"
EndProject
Project("{FAE04EC0-301F-11D3-BF4B-00C04F79EFBC}") = "BingTranslateXFDemo.Android", "BingTranslateXFDemo\BingTranslateXFDemo.Android\BingTranslateXFDemo.Android.csproj", "{6EF8A49B-48EF-4A57-A051-D6CD5D688EBA}"
EndProject
Project("{FAE04EC0-301F-11D3-BF4B-00C04F79EFBC}") = "BingAPILibrary", "..\BingAPILibrary\BingAPILibrary\BingAPILibrary.csproj", "{88B5065E-89CC-4380-8503-3759752D1502}"
EndProject
Global
	GlobalSection(SharedMSBuildProjectFiles) = preSolution
		BingTranslateXFDemo\BingTranslateXFDemo\BingTranslateXFDemo.projitems*{fe2b47ed-a480-4541-950b-e82e9900c1a1}*SharedItemsImports = 4
		BingTranslateXFDemo\BingTranslateXFDemo\BingTranslateXFDemo.projitems*{035173c4-e917-4b85-804b-39a25d038869}*SharedItemsImports = 4
		BingTranslateXFDemo\BingTranslateXFDemo\BingTranslateXFDemo.projitems*{c90adff4-44a0-428f-92ca-6e6b6023c4ba}*SharedItemsImports = 13
		BingTranslateXFDemo\BingTranslateXFDemo\BingTranslateXFDemo.projitems*{6ef8a49b-48ef-4a57-a051-d6cd5d688eba}*SharedItemsImports = 4
	EndGlobalSection
	GlobalSection(SolutionConfigurationPlatforms) = preSolution
		Ad-Hoc|Any CPU = Ad-Hoc|Any CPU
		Ad-Hoc|ARM = Ad-Hoc|ARM
		Ad-Hoc|iPhone = Ad-Hoc|iPhone
		Ad-Hoc|iPhoneSimulator = Ad-Hoc|iPhoneSimulator
		Ad-Hoc|Mixed Platforms = Ad-Hoc|Mixed Platforms
		Ad-Hoc|x86 = Ad-Hoc|x86
		AppStore|Any CPU = AppStore|Any CPU
		AppStore|ARM = AppStore|ARM
		AppStore|iPhone = AppStore|iPhone
		AppStore|iPhoneSimulator = AppStore|iPhoneSimulator
		AppStore|Mixed Platforms = AppStore|Mixed Platforms
		AppStore|x86 = AppStore|x86
		Debug|Any CPU = Debug|Any CPU
		Debug|ARM = Debug|ARM
		Debug|iPhone = Debug|iPhone
		Debug|iPhoneSimulator = Debug|iPhoneSimulator
		Debug|Mixed Platforms = Debug|Mixed Platforms
		Debug|x86 = Debug|x86
		Release|Any CPU = Release|Any CPU
		Release|ARM = Release|ARM
		Release|iPhone = Release|iPhone
		Release|iPhoneSimulator = Release|iPhoneSimulator
		Release|Mixed Platforms = Release|Mixed Platforms
		Release|x86 = Release|x86
	EndGlobalSection
	GlobalSection(ProjectConfigurationPlatforms) = postSolution
		{035173C4-E917-4B85-804B-39A25D038869}.Ad-Hoc|Any CPU.ActiveCfg = Release|Any CPU
		{035173C4-E917-4B85-804B-39A25D038869}.Ad-Hoc|Any CPU.Build.0 = Release|Any CPU
		{035173C4-E917-4B85-804B-39A25D038869}.Ad-Hoc|Any CPU.Deploy.0 = Release|Any CPU
		{035173C4-E917-4B85-804B-39A25D038869}.Ad-Hoc|ARM.ActiveCfg = Release|ARM
		{035173C4-E917-4B85-804B-39A25D038869}.Ad-Hoc|ARM.Build.0 = Release|ARM
		{035173C4-E917-4B85-804B-39A25D038869}.Ad-Hoc|ARM.Deploy.0 = Release|ARM
		{035173C4-E917-4B85-804B-39A25D038869}.Ad-Hoc|iPhone.ActiveCfg = Release|Any CPU
		{035173C4-E917-4B85-804B-39A25D038869}.Ad-Hoc|iPhoneSimulator.ActiveCfg = Release|Any CPU
		{035173C4-E917-4B85-804B-39A25D038869}.Ad-Hoc|Mixed Platforms.ActiveCfg = Release|x86
		{035173C4-E917-4B85-804B-39A25D038869}.Ad-Hoc|Mixed Platforms.Build.0 = Release|x86
		{035173C4-E917-4B85-804B-39A25D038869}.Ad-Hoc|Mixed Platforms.Deploy.0 = Release|x86
		{035173C4-E917-4B85-804B-39A25D038869}.Ad-Hoc|x86.ActiveCfg = Release|x86
		{035173C4-E917-4B85-804B-39A25D038869}.Ad-Hoc|x86.Build.0 = Release|x86
		{035173C4-E917-4B85-804B-39A25D038869}.Ad-Hoc|x86.Deploy.0 = Release|x86
		{035173C4-E917-4B85-804B-39A25D038869}.AppStore|Any CPU.ActiveCfg = Release|Any CPU
		{035173C4-E917-4B85-804B-39A25D038869}.AppStore|Any CPU.Build.0 = Release|Any CPU
		{035173C4-E917-4B85-804B-39A25D038869}.AppStore|Any CPU.Deploy.0 = Release|Any CPU
		{035173C4-E917-4B85-804B-39A25D038869}.AppStore|ARM.ActiveCfg = Release|ARM
		{035173C4-E917-4B85-804B-39A25D038869}.AppStore|ARM.Build.0 = Release|ARM
		{035173C4-E917-4B85-804B-39A25D038869}.AppStore|ARM.Deploy.0 = Release|ARM
		{035173C4-E917-4B85-804B-39A25D038869}.AppStore|iPhone.ActiveCfg = Release|Any CPU
		{035173C4-E917-4B85-804B-39A25D038869}.AppStore|iPhoneSimulator.ActiveCfg = Release|Any CPU
		{035173C4-E917-4B85-804B-39A25D038869}.AppStore|Mixed Platforms.ActiveCfg = Release|x86
		{035173C4-E917-4B85-804B-39A25D038869}.AppStore|Mixed Platforms.Build.0 = Release|x86
		{035173C4-E917-4B85-804B-39A25D038869}.AppStore|Mixed Platforms.Deploy.0 = Release|x86
		{035173C4-E917-4B85-804B-39A25D038869}.AppStore|x86.ActiveCfg = Release|x86
		{035173C4-E917-4B85-804B-39A25D038869}.AppStore|x86.Build.0 = Release|x86
		{035173C4-E917-4B85-804B-39A25D038869}.AppStore|x86.Deploy.0 = Release|x86
		{035173C4-E917-4B85-804B-39A25D038869}.Debug|Any CPU.ActiveCfg = Debug|Any CPU
		{035173C4-E917-4B85-804B-39A25D038869}.Debug|Any CPU.Build.0 = Debug|Any CPU
		{035173C4-E917-4B85-804B-39A25D038869}.Debug|Any CPU.Deploy.0 = Debug|Any CPU
		{035173C4-E917-4B85-804B-39A25D038869}.Debug|ARM.ActiveCfg = Debug|ARM
		{035173C4-E917-4B85-804B-39A25D038869}.Debug|ARM.Build.0 = Debug|ARM
		{035173C4-E917-4B85-804B-39A25D038869}.Debug|ARM.Deploy.0 = Debug|ARM
		{035173C4-E917-4B85-804B-39A25D038869}.Debug|iPhone.ActiveCfg = Debug|Any CPU
		{035173C4-E917-4B85-804B-39A25D038869}.Debug|iPhoneSimulator.ActiveCfg = Debug|Any CPU
		{035173C4-E917-4B85-804B-39A25D038869}.Debug|Mixed Platforms.ActiveCfg = Debug|x86
		{035173C4-E917-4B85-804B-39A25D038869}.Debug|Mixed Platforms.Build.0 = Debug|x86
		{035173C4-E917-4B85-804B-39A25D038869}.Debug|Mixed Platforms.Deploy.0 = Debug|x86
		{035173C4-E917-4B85-804B-39A25D038869}.Debug|x86.ActiveCfg = Debug|x86
		{035173C4-E917-4B85-804B-39A25D038869}.Debug|x86.Build.0 = Debug|x86
		{035173C4-E917-4B85-804B-39A25D038869}.Debug|x86.Deploy.0 = Debug|x86
		{035173C4-E917-4B85-804B-39A25D038869}.Release|Any CPU.ActiveCfg = Release|Any CPU
		{035173C4-E917-4B85-804B-39A25D038869}.Release|Any CPU.Build.0 = Release|Any CPU
		{035173C4-E917-4B85-804B-39A25D038869}.Release|Any CPU.Deploy.0 = Release|Any CPU
		{035173C4-E917-4B85-804B-39A25D038869}.Release|ARM.ActiveCfg = Release|ARM
		{035173C4-E917-4B85-804B-39A25D038869}.Release|ARM.Build.0 = Release|ARM
		{035173C4-E917-4B85-804B-39A25D038869}.Release|ARM.Deploy.0 = Release|ARM
		{035173C4-E917-4B85-804B-39A25D038869}.Release|iPhone.ActiveCfg = Release|Any CPU
		{035173C4-E917-4B85-804B-39A25D038869}.Release|iPhoneSimulator.ActiveCfg = Release|Any CPU
		{035173C4-E917-4B85-804B-39A25D038869}.Release|Mixed Platforms.ActiveCfg = Release|x86
		{035173C4-E917-4B85-804B-39A25D038869}.Release|Mixed Platforms.Build.0 = Release|x86
		{035173C4-E917-4B85-804B-39A25D038869}.Release|Mixed Platforms.Deploy.0 = Release|x86
		{035173C4-E917-4B85-804B-39A25D038869}.Release|x86.ActiveCfg = Release|x86
		{035173C4-E917-4B85-804B-39A25D038869}.Release|x86.Build.0 = Release|x86
		{035173C4-E917-4B85-804B-39A25D038869}.Release|x86.Deploy.0 = Release|x86
		{FE2B47ED-A480-4541-950B-E82E9900C1A1}.Ad-Hoc|Any CPU.ActiveCfg = Ad-Hoc|iPhone
		{FE2B47ED-A480-4541-950B-E82E9900C1A1}.Ad-Hoc|ARM.ActiveCfg = Ad-Hoc|iPhone
		{FE2B47ED-A480-4541-950B-E82E9900C1A1}.Ad-Hoc|iPhone.ActiveCfg = Ad-Hoc|iPhone
		{FE2B47ED-A480-4541-950B-E82E9900C1A1}.Ad-Hoc|iPhone.Build.0 = Ad-Hoc|iPhone
		{FE2B47ED-A480-4541-950B-E82E9900C1A1}.Ad-Hoc|iPhoneSimulator.ActiveCfg = Ad-Hoc|iPhoneSimulator
		{FE2B47ED-A480-4541-950B-E82E9900C1A1}.Ad-Hoc|iPhoneSimulator.Build.0 = Ad-Hoc|iPhoneSimulator
		{FE2B47ED-A480-4541-950B-E82E9900C1A1}.Ad-Hoc|Mixed Platforms.ActiveCfg = Ad-Hoc|iPhone
		{FE2B47ED-A480-4541-950B-E82E9900C1A1}.Ad-Hoc|Mixed Platforms.Build.0 = Ad-Hoc|iPhone
		{FE2B47ED-A480-4541-950B-E82E9900C1A1}.Ad-Hoc|x86.ActiveCfg = Ad-Hoc|iPhone
		{FE2B47ED-A480-4541-950B-E82E9900C1A1}.AppStore|Any CPU.ActiveCfg = AppStore|iPhone
		{FE2B47ED-A480-4541-950B-E82E9900C1A1}.AppStore|ARM.ActiveCfg = AppStore|iPhone
		{FE2B47ED-A480-4541-950B-E82E9900C1A1}.AppStore|iPhone.ActiveCfg = AppStore|iPhone
		{FE2B47ED-A480-4541-950B-E82E9900C1A1}.AppStore|iPhone.Build.0 = AppStore|iPhone
		{FE2B47ED-A480-4541-950B-E82E9900C1A1}.AppStore|iPhoneSimulator.ActiveCfg = AppStore|iPhoneSimulator
		{FE2B47ED-A480-4541-950B-E82E9900C1A1}.AppStore|iPhoneSimulator.Build.0 = AppStore|iPhoneSimulator
		{FE2B47ED-A480-4541-950B-E82E9900C1A1}.AppStore|Mixed Platforms.ActiveCfg = AppStore|iPhone
		{FE2B47ED-A480-4541-950B-E82E9900C1A1}.AppStore|Mixed Platforms.Build.0 = AppStore|iPhone
		{FE2B47ED-A480-4541-950B-E82E9900C1A1}.AppStore|x86.ActiveCfg = AppStore|iPhone
		{FE2B47ED-A480-4541-950B-E82E9900C1A1}.Debug|Any CPU.ActiveCfg = Debug|iPhone
		{FE2B47ED-A480-4541-950B-E82E9900C1A1}.Debug|ARM.ActiveCfg = Debug|iPhone
		{FE2B47ED-A480-4541-950B-E82E9900C1A1}.Debug|iPhone.ActiveCfg = Debug|iPhone
		{FE2B47ED-A480-4541-950B-E82E9900C1A1}.Debug|iPhone.Build.0 = Debug|iPhone
		{FE2B47ED-A480-4541-950B-E82E9900C1A1}.Debug|iPhoneSimulator.ActiveCfg = Debug|iPhoneSimulator
		{FE2B47ED-A480-4541-950B-E82E9900C1A1}.Debug|iPhoneSimulator.Build.0 = Debug|iPhoneSimulator
		{FE2B47ED-A480-4541-950B-E82E9900C1A1}.Debug|Mixed Platforms.ActiveCfg = Debug|iPhone
		{FE2B47ED-A480-4541-950B-E82E9900C1A1}.Debug|Mixed Platforms.Build.0 = Debug|iPhone
		{FE2B47ED-A480-4541-950B-E82E9900C1A1}.Debug|x86.ActiveCfg = Debug|iPhone
		{FE2B47ED-A480-4541-950B-E82E9900C1A1}.Release|Any CPU.ActiveCfg = Release|iPhone
		{FE2B47ED-A480-4541-950B-E82E9900C1A1}.Release|ARM.ActiveCfg = Release|iPhone
		{FE2B47ED-A480-4541-950B-E82E9900C1A1}.Release|iPhone.ActiveCfg = Release|iPhone
		{FE2B47ED-A480-4541-950B-E82E9900C1A1}.Release|iPhone.Build.0 = Release|iPhone
		{FE2B47ED-A480-4541-950B-E82E9900C1A1}.Release|iPhoneSimulator.ActiveCfg = Release|iPhoneSimulator
		{FE2B47ED-A480-4541-950B-E82E9900C1A1}.Release|iPhoneSimulator.Build.0 = Release|iPhoneSimulator
		{FE2B47ED-A480-4541-950B-E82E9900C1A1}.Release|Mixed Platforms.ActiveCfg = Release|iPhone
		{FE2B47ED-A480-4541-950B-E82E9900C1A1}.Release|Mixed Platforms.Build.0 = Release|iPhone
		{FE2B47ED-A480-4541-950B-E82E9900C1A1}.Release|x86.ActiveCfg = Release|iPhone
		{6EF8A49B-48EF-4A57-A051-D6CD5D688EBA}.Ad-Hoc|Any CPU.ActiveCfg = Release|Any CPU
		{6EF8A49B-48EF-4A57-A051-D6CD5D688EBA}.Ad-Hoc|Any CPU.Build.0 = Release|Any CPU
		{6EF8A49B-48EF-4A57-A051-D6CD5D688EBA}.Ad-Hoc|Any CPU.Deploy.0 = Release|Any CPU
		{6EF8A49B-48EF-4A57-A051-D6CD5D688EBA}.Ad-Hoc|ARM.ActiveCfg = Release|Any CPU
		{6EF8A49B-48EF-4A57-A051-D6CD5D688EBA}.Ad-Hoc|iPhone.ActiveCfg = Release|Any CPU
		{6EF8A49B-48EF-4A57-A051-D6CD5D688EBA}.Ad-Hoc|iPhoneSimulator.ActiveCfg = Release|Any CPU
		{6EF8A49B-48EF-4A57-A051-D6CD5D688EBA}.Ad-Hoc|Mixed Platforms.ActiveCfg = Release|Any CPU
		{6EF8A49B-48EF-4A57-A051-D6CD5D688EBA}.Ad-Hoc|Mixed Platforms.Build.0 = Release|Any CPU
		{6EF8A49B-48EF-4A57-A051-D6CD5D688EBA}.Ad-Hoc|Mixed Platforms.Deploy.0 = Release|Any CPU
		{6EF8A49B-48EF-4A57-A051-D6CD5D688EBA}.Ad-Hoc|x86.ActiveCfg = Release|Any CPU
		{6EF8A49B-48EF-4A57-A051-D6CD5D688EBA}.AppStore|Any CPU.ActiveCfg = Release|Any CPU
		{6EF8A49B-48EF-4A57-A051-D6CD5D688EBA}.AppStore|Any CPU.Build.0 = Release|Any CPU
		{6EF8A49B-48EF-4A57-A051-D6CD5D688EBA}.AppStore|Any CPU.Deploy.0 = Release|Any CPU
		{6EF8A49B-48EF-4A57-A051-D6CD5D688EBA}.AppStore|ARM.ActiveCfg = Release|Any CPU
		{6EF8A49B-48EF-4A57-A051-D6CD5D688EBA}.AppStore|iPhone.ActiveCfg = Release|Any CPU
		{6EF8A49B-48EF-4A57-A051-D6CD5D688EBA}.AppStore|iPhoneSimulator.ActiveCfg = Release|Any CPU
		{6EF8A49B-48EF-4A57-A051-D6CD5D688EBA}.AppStore|Mixed Platforms.ActiveCfg = Release|Any CPU
		{6EF8A49B-48EF-4A57-A051-D6CD5D688EBA}.AppStore|Mixed Platforms.Build.0 = Release|Any CPU
		{6EF8A49B-48EF-4A57-A051-D6CD5D688EBA}.AppStore|Mixed Platforms.Deploy.0 = Release|Any CPU
		{6EF8A49B-48EF-4A57-A051-D6CD5D688EBA}.AppStore|x86.ActiveCfg = Release|Any CPU
		{6EF8A49B-48EF-4A57-A051-D6CD5D688EBA}.Debug|Any CPU.ActiveCfg = Debug|Any CPU
		{6EF8A49B-48EF-4A57-A051-D6CD5D688EBA}.Debug|Any CPU.Build.0 = Debug|Any CPU
		{6EF8A49B-48EF-4A57-A051-D6CD5D688EBA}.Debug|Any CPU.Deploy.0 = Debug|Any CPU
		{6EF8A49B-48EF-4A57-A051-D6CD5D688EBA}.Debug|ARM.ActiveCfg = Debug|Any CPU
		{6EF8A49B-48EF-4A57-A051-D6CD5D688EBA}.Debug|iPhone.ActiveCfg = Debug|Any CPU
		{6EF8A49B-48EF-4A57-A051-D6CD5D688EBA}.Debug|iPhoneSimulator.ActiveCfg = Debug|Any CPU
		{6EF8A49B-48EF-4A57-A051-D6CD5D688EBA}.Debug|Mixed Platforms.ActiveCfg = Debug|Any CPU
		{6EF8A49B-48EF-4A57-A051-D6CD5D688EBA}.Debug|Mixed Platforms.Build.0 = Debug|Any CPU
		{6EF8A49B-48EF-4A57-A051-D6CD5D688EBA}.Debug|Mixed Platforms.Deploy.0 = Debug|Any CPU
		{6EF8A49B-48EF-4A57-A051-D6CD5D688EBA}.Debug|x86.ActiveCfg = Debug|Any CPU
		{6EF8A49B-48EF-4A57-A051-D6CD5D688EBA}.Release|Any CPU.ActiveCfg = Release|Any CPU
		{6EF8A49B-48EF-4A57-A051-D6CD5D688EBA}.Release|Any CPU.Build.0 = Release|Any CPU
		{6EF8A49B-48EF-4A57-A051-D6CD5D688EBA}.Release|Any CPU.Deploy.0 = Release|Any CPU
		{6EF8A49B-48EF-4A57-A051-D6CD5D688EBA}.Release|ARM.ActiveCfg = Release|Any CPU
		{6EF8A49B-48EF-4A57-A051-D6CD5D688EBA}.Release|iPhone.ActiveCfg = Release|Any CPU
		{6EF8A49B-48EF-4A57-A051-D6CD5D688EBA}.Release|iPhoneSimulator.ActiveCfg = Release|Any CPU
		{6EF8A49B-48EF-4A57-A051-D6CD5D688EBA}.Release|Mixed Platforms.ActiveCfg = Release|Any CPU
		{6EF8A49B-48EF-4A57-A051-D6CD5D688EBA}.Release|Mixed Platforms.Build.0 = Release|Any CPU
		{6EF8A49B-48EF-4A57-A051-D6CD5D688EBA}.Release|Mixed Platforms.Deploy.0 = Release|Any CPU
		{6EF8A49B-48EF-4A57-A051-D6CD5D688EBA}.Release|x86.ActiveCfg = Release|Any CPU
		{88B5065E-89CC-4380-8503-3759752D1502}.Ad-Hoc|Any CPU.ActiveCfg = Release|Any CPU
		{88B5065E-89CC-4380-8503-3759752D1502}.Ad-Hoc|Any CPU.Build.0 = Release|Any CPU
		{88B5065E-89CC-4380-8503-3759752D1502}.Ad-Hoc|ARM.ActiveCfg = Release|Any CPU
		{88B5065E-89CC-4380-8503-3759752D1502}.Ad-Hoc|iPhone.ActiveCfg = Release|Any CPU
		{88B5065E-89CC-4380-8503-3759752D1502}.Ad-Hoc|iPhoneSimulator.ActiveCfg = Release|Any CPU
		{88B5065E-89CC-4380-8503-3759752D1502}.Ad-Hoc|Mixed Platforms.ActiveCfg = Release|Any CPU
		{88B5065E-89CC-4380-8503-3759752D1502}.Ad-Hoc|Mixed Platforms.Build.0 = Release|Any CPU
		{88B5065E-89CC-4380-8503-3759752D1502}.Ad-Hoc|x86.ActiveCfg = Release|Any CPU
		{88B5065E-89CC-4380-8503-3759752D1502}.AppStore|Any CPU.ActiveCfg = Release|Any CPU
		{88B5065E-89CC-4380-8503-3759752D1502}.AppStore|Any CPU.Build.0 = Release|Any CPU
		{88B5065E-89CC-4380-8503-3759752D1502}.AppStore|ARM.ActiveCfg = Release|Any CPU
		{88B5065E-89CC-4380-8503-3759752D1502}.AppStore|iPhone.ActiveCfg = Release|Any CPU
		{88B5065E-89CC-4380-8503-3759752D1502}.AppStore|iPhoneSimulator.ActiveCfg = Release|Any CPU
		{88B5065E-89CC-4380-8503-3759752D1502}.AppStore|Mixed Platforms.ActiveCfg = Release|Any CPU
		{88B5065E-89CC-4380-8503-3759752D1502}.AppStore|Mixed Platforms.Build.0 = Release|Any CPU
		{88B5065E-89CC-4380-8503-3759752D1502}.AppStore|x86.ActiveCfg = Release|Any CPU
		{88B5065E-89CC-4380-8503-3759752D1502}.Debug|Any CPU.ActiveCfg = Debug|Any CPU
		{88B5065E-89CC-4380-8503-3759752D1502}.Debug|Any CPU.Build.0 = Debug|Any CPU
		{88B5065E-89CC-4380-8503-3759752D1502}.Debug|ARM.ActiveCfg = Debug|Any CPU
		{88B5065E-89CC-4380-8503-3759752D1502}.Debug|iPhone.ActiveCfg = Debug|Any CPU
		{88B5065E-89CC-4380-8503-3759752D1502}.Debug|iPhoneSimulator.ActiveCfg = Debug|Any CPU
		{88B5065E-89CC-4380-8503-3759752D1502}.Debug|Mixed Platforms.ActiveCfg = Debug|Any CPU
		{88B5065E-89CC-4380-8503-3759752D1502}.Debug|Mixed Platforms.Build.0 = Debug|Any CPU
		{88B5065E-89CC-4380-8503-3759752D1502}.Debug|x86.ActiveCfg = Debug|Any CPU
		{88B5065E-89CC-4380-8503-3759752D1502}.Release|Any CPU.ActiveCfg = Release|Any CPU
		{88B5065E-89CC-4380-8503-3759752D1502}.Release|Any CPU.Build.0 = Release|Any CPU
		{88B5065E-89CC-4380-8503-3759752D1502}.Release|ARM.ActiveCfg = Release|Any CPU
		{88B5065E-89CC-4380-8503-3759752D1502}.Release|iPhone.ActiveCfg = Release|Any CPU
		{88B5065E-89CC-4380-8503-3759752D1502}.Release|iPhoneSimulator.ActiveCfg = Release|Any CPU
		{88B5065E-89CC-4380-8503-3759752D1502}.Release|Mixed Platforms.ActiveCfg = Release|Any CPU
		{88B5065E-89CC-4380-8503-3759752D1502}.Release|Mixed Platforms.Build.0 = Release|Any CPU
		{88B5065E-89CC-4380-8503-3759752D1502}.Release|x86.ActiveCfg = Release|Any CPU
	EndGlobalSection
	GlobalSection(SolutionProperties) = preSolution
		HideSolutionNode = FALSE
	EndGlobalSection
	GlobalSection(MonoDevelopProperties) = preSolution
		StartupItem = BingTranslateXFDemo\BingTranslateXFDemo.Android\BingTranslateXFDemo.Android.csproj
	EndGlobalSection
EndGlobal
